# This file is automatically @generated by Poetry 1.8.3 and should not be changed by hand.

[[package]]
name = "deprecation"
version = "2.1.0"
description = "A library to handle automated deprecations"
optional = false
python-versions = "*"
files = [
    {file = "deprecation-2.1.0-py2.py3-none-any.whl", hash = "sha256:a10811591210e1fb0e768a8c25517cabeabcba6f0bf96564f8ff45189f90b14a"},
    {file = "deprecation-2.1.0.tar.gz", hash = "sha256:72b3bde64e5d778694b0cf68178aed03d15e15477116add3fb773e581f9518ff"},
]

[package.dependencies]
packaging = "*"

[[package]]
name = "eyed3"
version = "0.9.8"
description = "Python audio data toolkit (ID3 and MP3)"
optional = false
python-versions = "<4.0,>=3.9"
files = [
    {file = "eyed3-0.9.8-py3-none-any.whl", hash = "sha256:a49fe53dd0ec0fb1dfa92399c4b1d652e02c4555c90556d0aaa328dd192a3af7"},
    {file = "eyed3-0.9.8.tar.gz", hash = "sha256:a296ef47d8d5a5b5d7b518c113e650c7db6e47633b31a9ca81453cd48faf9803"},
]

[package.dependencies]
deprecation = ">=2.1.0"
filetype = ">=1.2.0"

[package.extras]
art-plugin = ["Pillow (>=11.2.1)", "pylast (>=5.5.0)", "requests (>=2.32.3)"]
dev = ["Paver (>=1.3.4)", "Sphinx (>=7.4.7)", "cogapp (>=3.4.1)", "nicfit-py[cookiecutter] (>=0.8.7)", "regarding (>=0.2.0)", "sphinx-issues (>=5.0.1)", "sphinx-rtd-theme (>=3.0.2)", "twine (>=6.1.0)"]
test = ["check-manifest (>=0.50)", "coverage (>=7.8.0)", "factory-boy (>=3.3.3)", "flake8 (>=7.2.0)", "pytest (>=8.3.5)", "pytest-cov (>=6.1.1)", "tox (>=4.25.0)"]
yaml-plugin = ["PyYAML (>=6.0.2)"]

[[package]]
name = "filetype"
version = "1.2.0"
description = "Infer file type and MIME type of any file/buffer. No external dependencies."
optional = false
python-versions = "*"
files = [
    {file = "filetype-1.2.0-py2.py3-none-any.whl", hash = "sha256:7ce71b6880181241cf7ac8697a2f1eb6a8bd9b429f7ad6d27b8db9ba5f1c2d25"},
    {file = "filetype-1.2.0.tar.gz", hash = "sha256:66b56cd6474bf41d8c54660347d37afcc3f7d1970648de365c102ef77548aadb"},
]

[[package]]
name = "packaging"
version = "25.0"
description = "Core utilities for Python packages"
optional = false
python-versions = ">=3.8"
files = [
    {file = "packaging-25.0-py3-none-any.whl", hash = "sha256:29572ef2b1f17581046b3a2227d5c611fb25ec70ca1ba8554b24b0e69331a484"},
    {file = "packaging-25.0.tar.gz", hash = "sha256:d443872c98d677bf60f6a1f2f8c1cb748e8fe762d2bf9d3148b5599295b0fc4f"},
]

[metadata]
lock-version = "2.0"
python-versions = "^3.10"
content-hash = "5c30cd8b1f062b4fcc43e648c6b277b4a87a6c3fc45e55d6590a0b4c3307e702"
